
Microsoft Visual Studio Solution File, Format Version 12.00
# Visual Studio Version 17
VisualStudioVersion = 17.11.35017.193
MinimumVisualStudioVersion = 10.0.40219.1
Project("{9A19103F-16F7-4668-BE54-9A1E7A4F7556}") = "Batch4.Api.RestaurantManagementSystem", "Batch4.Api.RestaurantManagementSystem\Batch4.Api.RestaurantManagementSystem.csproj", "{21600986-8E6C-4A6F-9C0F-183E02E117E8}"
EndProject
Project("{FAE04EC0-301F-11D3-BF4B-00C04F79EFBC}") = "Batch4.Api.RestaurantManagementSystem.BL", "Batch4.Api.RestaurantManagementSystem.BL\Batch4.Api.RestaurantManagementSystem.BL.csproj", "{9185683B-C042-4B57-B329-68D1B0B18E3A}"
EndProject
Project("{FAE04EC0-301F-11D3-BF4B-00C04F79EFBC}") = "Batch4.Api.RestaurantManagementSystem.DA", "Batch4.Api.RestaurantManagementSystem.DA\Batch4.Api.RestaurantManagementSystem.DA.csproj", "{27D824BB-4617-43BD-8516-C6A448C07B3F}"
EndProject
Global
	GlobalSection(SolutionConfigurationPlatforms) = preSolution
		Debug|Any CPU = Debug|Any CPU
		Release|Any CPU = Release|Any CPU
	EndGlobalSection
	GlobalSection(ProjectConfigurationPlatforms) = postSolution
		{21600986-8E6C-4A6F-9C0F-183E02E117E8}.Debug|Any CPU.ActiveCfg = Debug|Any CPU
		{21600986-8E6C-4A6F-9C0F-183E02E117E8}.Debug|Any CPU.Build.0 = Debug|Any CPU
		{21600986-8E6C-4A6F-9C0F-183E02E117E8}.Release|Any CPU.ActiveCfg = Release|Any CPU
		{21600986-8E6C-4A6F-9C0F-183E02E117E8}.Release|Any CPU.Build.0 = Release|Any CPU
		{9185683B-C042-4B57-B329-68D1B0B18E3A}.Debug|Any CPU.ActiveCfg = Debug|Any CPU
		{9185683B-C042-4B57-B329-68D1B0B18E3A}.Debug|Any CPU.Build.0 = Debug|Any CPU
		{9185683B-C042-4B57-B329-68D1B0B18E3A}.Release|Any CPU.ActiveCfg = Release|Any CPU
		{9185683B-C042-4B57-B329-68D1B0B18E3A}.Release|Any CPU.Build.0 = Release|Any CPU
		{27D824BB-4617-43BD-8516-C6A448C07B3F}.Debug|Any CPU.ActiveCfg = Debug|Any CPU
		{27D824BB-4617-43BD-8516-C6A448C07B3F}.Debug|Any CPU.Build.0 = Debug|Any CPU
		{27D824BB-4617-43BD-8516-C6A448C07B3F}.Release|Any CPU.ActiveCfg = Release|Any CPU
		{27D824BB-4617-43BD-8516-C6A448C07B3F}.Release|Any CPU.Build.0 = Release|Any CPU
	EndGlobalSection
	GlobalSection(SolutionProperties) = preSolution
		HideSolutionNode = FALSE
	EndGlobalSection
	GlobalSection(ExtensibilityGlobals) = postSolution
		SolutionGuid = {0040A13B-0712-4AC0-8253-56FEA68955C9}
	EndGlobalSection
EndGlobal
